[[package]]
name = "colorama"
version = "0.4.6"
description = "Cross-platform colored terminal text."
category = "main"
optional = false
python-versions = "!=3.0.*,!=3.1.*,!=3.2.*,!=3.3.*,!=3.4.*,!=3.5.*,!=3.6.*,>=2.7"

[[package]]
name = "einops"
version = "0.8.0"
description = "A new flavour of deep learning operations"
category = "main"
optional = false
python-versions = ">=3.8"

[[package]]
name = "filelock"
version = "3.20.0"
description = "A platform independent file lock."
category = "main"
optional = false
python-versions = ">=3.10"

[[package]]
name = "fsspec"
version = "2025.12.0"
description = "File-system specification"
category = "main"
optional = false
python-versions = ">=3.10"

[package.extras]
abfs = ["adlfs"]
adl = ["adlfs"]
arrow = ["pyarrow (>=1)"]
dask = ["dask", "distributed"]
dev = ["pre-commit", "ruff (>=0.5)"]
doc = ["numpydoc", "sphinx", "sphinx-design", "sphinx-rtd-theme", "yarl"]
dropbox = ["dropbox", "dropboxdrivefs", "requests"]
full = ["adlfs", "aiohttp (!=4.0.0a0,!=4.0.0a1)", "dask", "distributed", "dropbox", "dropboxdrivefs", "fusepy", "gcsfs", "libarchive-c", "ocifs", "panel", "paramiko", "pyarrow (>=1)", "pygit2", "requests", "s3fs", "smbprotocol", "tqdm"]
fuse = ["fusepy"]
gcs = ["gcsfs"]
git = ["pygit2"]
github = ["requests"]
gs = ["gcsfs"]
gui = ["panel"]
hdfs = ["pyarrow (>=1)"]
http = ["aiohttp (!=4.0.0a0,!=4.0.0a1)"]
libarchive = ["libarchive-c"]
oci = ["ocifs"]
s3 = ["s3fs"]
sftp = ["paramiko"]
smb = ["smbprotocol"]
ssh = ["paramiko"]
test = ["aiohttp (!=4.0.0a0,!=4.0.0a1)", "numpy", "pytest", "pytest-asyncio (!=0.22.0)", "pytest-benchmark", "pytest-cov", "pytest-mock", "pytest-recording", "pytest-rerunfailures", "requests"]
test-downstream = ["aiobotocore (>=2.5.4,<3.0.0)", "dask", "moto[server] (>4,<5)", "pytest-timeout", "xarray"]
test-full = ["adlfs", "aiohttp (!=4.0.0a0,!=4.0.0a1)", "cloudpickle", "dask", "distributed", "dropbox", "dropboxdrivefs", "fastparquet", "fusepy", "gcsfs", "jinja2", "kerchunk", "libarchive-c", "lz4", "notebook", "numpy", "ocifs", "pandas", "panel", "paramiko", "pyarrow", "pyarrow (>=1)", "pyftpdlib", "pygit2", "pytest", "pytest-asyncio (!=0.22.0)", "pytest-benchmark", "pytest-cov", "pytest-mock", "pytest-recording", "pytest-rerunfailures", "python-snappy", "requests", "smbprotocol", "tqdm", "urllib3", "zarr", "zstandard"]
tqdm = ["tqdm"]

[[package]]
name = "jinja2"
version = "3.1.6"
description = "A very fast and expressive template engine."
category = "main"
optional = false
python-versions = ">=3.7"

[package.dependencies]
MarkupSafe = ">=2.0"

[package.extras]
i18n = ["Babel (>=2.7)"]

[[package]]
name = "markupsafe"
version = "3.0.3"
description = "Safely add untrusted strings to HTML/XML markup."
category = "main"
optional = false
python-versions = ">=3.9"

[[package]]
name = "mpmath"
version = "1.3.0"
description = "Python library for arbitrary-precision floating-point arithmetic"
category = "main"
optional = false
python-versions = "*"

[package.extras]
develop = ["pytest (>=4.6)", "pycodestyle", "pytest-cov", "codecov", "wheel"]
docs = ["sphinx"]
gmpy = ["gmpy2 (>=2.1.0a4)"]
tests = ["pytest (>=4.6)"]

[[package]]
name = "networkx"
version = "3.4.2"
description = "Python package for creating and manipulating graphs and networks"
category = "main"
optional = false
python-versions = ">=3.10"

[package.extras]
default = ["numpy (>=1.24)", "scipy (>=1.10,!=1.11.0,!=1.11.1)", "matplotlib (>=3.7)", "pandas (>=2.0)"]
developer = ["changelist (==0.5)", "pre-commit (>=3.2)", "mypy (>=1.1)", "rtoml"]
doc = ["sphinx (>=7.3)", "pydata-sphinx-theme (>=0.15)", "sphinx-gallery (>=0.16)", "numpydoc (>=1.8.0)", "pillow (>=9.4)", "texext (>=0.6.7)", "myst-nb (>=1.1)", "intersphinx-registry"]
example = ["osmnx (>=1.9)", "momepy (>=0.7.2)", "contextily (>=1.6)", "seaborn (>=0.13)", "cairocffi (>=1.7)", "igraph (>=0.11)", "scikit-learn (>=1.5)"]
extra = ["lxml (>=4.6)", "pygraphviz (>=1.14)", "pydot (>=3.0.1)", "sympy (>=1.10)"]
test = ["pytest (>=7.2)", "pytest-cov (>=4.0)"]

[[package]]
name = "numpy"
version = "2.2.6"
description = "Fundamental package for array computing in Python"
category = "main"
optional = false
python-versions = ">=3.10"

[[package]]
name = "nvidia-cublas-cu12"
version = "12.8.4.1"
description = "CUBLAS native runtime libraries"
category = "main"
optional = false
python-versions = ">=3"

[[package]]
name = "nvidia-cuda-cupti-cu12"
version = "12.8.90"
description = "CUDA profiling tools runtime libs."
category = "main"
optional = false
python-versions = ">=3"

[[package]]
name = "nvidia-cuda-nvrtc-cu12"
version = "12.8.93"
description = "NVRTC native runtime libraries"
category = "main"
optional = false
python-versions = ">=3"

[[package]]
name = "nvidia-cuda-runtime-cu12"
version = "12.8.90"
description = "CUDA Runtime native Libraries"
category = "main"
optional = false
python-versions = ">=3"

[[package]]
name = "nvidia-cudnn-cu12"
version = "9.10.2.21"
description = "cuDNN runtime libraries"
category = "main"
optional = false
python-versions = ">=3"

[package.dependencies]
nvidia-cublas-cu12 = "*"

[[package]]
name = "nvidia-cufft-cu12"
version = "11.3.3.83"
description = "CUFFT native runtime libraries"
category = "main"
optional = false
python-versions = ">=3"

[package.dependencies]
nvidia-nvjitlink-cu12 = "*"

[[package]]
name = "nvidia-cufile-cu12"
version = "1.13.1.3"
description = "cuFile GPUDirect libraries"
category = "main"
optional = false
python-versions = ">=3"

[[package]]
name = "nvidia-curand-cu12"
version = "10.3.9.90"
description = "CURAND native runtime libraries"
category = "main"
optional = false
python-versions = ">=3"

[[package]]
name = "nvidia-cusolver-cu12"
version = "11.7.3.90"
description = "CUDA solver native runtime libraries"
category = "main"
optional = false
python-versions = ">=3"

[package.dependencies]
nvidia-cublas-cu12 = "*"
nvidia-cusparse-cu12 = "*"
nvidia-nvjitlink-cu12 = "*"

[[package]]
name = "nvidia-cusparse-cu12"
version = "12.5.8.93"
description = "CUSPARSE native runtime libraries"
category = "main"
optional = false
python-versions = ">=3"

[package.dependencies]
nvidia-nvjitlink-cu12 = "*"

[[package]]
name = "nvidia-cusparselt-cu12"
version = "0.7.1"
description = "NVIDIA cuSPARSELt"
category = "main"
optional = false
python-versions = "*"

[[package]]
name = "nvidia-nccl-cu12"
version = "2.27.5"
description = "NVIDIA Collective Communication Library (NCCL) Runtime"
category = "main"
optional = false
python-versions = ">=3"

[[package]]
name = "nvidia-nvjitlink-cu12"
version = "12.8.93"
description = "Nvidia JIT LTO Library"
category = "main"
optional = false
python-versions = ">=3"

[[package]]
name = "nvidia-nvshmem-cu12"
version = "3.3.20"
description = "NVSHMEM creates a global address space that provides efficient and scalable communication for NVIDIA GPU clusters."
category = "main"
optional = false
python-versions = ">=3"

[[package]]
name = "nvidia-nvtx-cu12"
version = "12.8.90"
description = "NVIDIA Tools Extension"
category = "main"
optional = false
python-versions = ">=3"

[[package]]
name = "opencv-python"
version = "4.10.0.84"
description = "Wrapper package for OpenCV python bindings."
category = "main"
optional = false
python-versions = ">=3.6"

[package.dependencies]
numpy = [
    {version = ">=1.21.2", markers = "python_version >= \"3.10\""},
    {version = ">=1.21.4", markers = "python_version >= \"3.10\" and platform_system == \"Darwin\""},
    {version = ">=1.19.3", markers = "python_version >= \"3.6\" and platform_system == \"Linux\" and platform_machine == \"aarch64\" or python_version >= \"3.9\""},
    {version = ">=1.17.0", markers = "python_version >= \"3.7\""},
    {version = ">=1.17.3", markers = "python_version >= \"3.8\""},
]

[[package]]
name = "pillow"
version = "10.4.0"
description = "Python Imaging Library (Fork)"
category = "main"
optional = false
python-versions = ">=3.8"

[package.extras]
docs = ["furo", "olefile", "sphinx (>=7.3)", "sphinx-copybutton", "sphinx-inline-tabs", "sphinxext-opengraph"]
fpx = ["olefile"]
mic = ["olefile"]
tests = ["check-manifest", "coverage", "defusedxml", "markdown2", "olefile", "packaging", "pyroma", "pytest", "pytest-cov", "pytest-timeout"]
typing = ["typing-extensions"]
xmp = ["defusedxml"]

[[package]]
name = "pyyaml"
version = "6.0.1"
description = "YAML parser and emitter for Python"
category = "main"
optional = false
python-versions = ">=3.6"

[[package]]
name = "scipy"
version = "1.14.1"
description = "Fundamental algorithms for scientific computing in Python"
category = "main"
optional = false
python-versions = ">=3.10"

[package.dependencies]
numpy = ">=1.23.5,<2.3"

[package.extras]
test = ["pytest", "pytest-cov", "pytest-timeout", "pytest-xdist", "asv", "mpmath", "gmpy2", "threadpoolctl", "scikit-umfpack", "pooch", "hypothesis (>=6.30)", "array-api-strict (>=2.0)", "cython", "meson", "ninja"]
doc = ["sphinx (>=5.0.0,<=7.3.7)", "pydata-sphinx-theme (>=0.15.2)", "sphinx-design (>=0.4.0)", "matplotlib (>=3.5)", "numpydoc", "jupytext", "myst-nb", "pooch", "jupyterlite-sphinx (>=0.13.1)", "jupyterlite-pyodide-kernel"]
dev = ["mypy (==1.10.0)", "typing-extensions", "types-psutil", "pycodestyle", "ruff (>=0.0.292)", "cython-lint (>=0.12.2)", "rich-click", "doit (>=0.36.0)", "pydevtool"]

[[package]]
name = "sympy"
version = "1.14.0"
description = "Computer algebra system (CAS) in Python"
category = "main"
optional = false
python-versions = ">=3.9"

[package.dependencies]
mpmath = ">=1.1.0,<1.4"

[package.extras]
dev = ["pytest (>=7.1.0)", "hypothesis (>=6.70.0)"]

[[package]]
name = "torch"
version = "2.9.1"
description = "Tensors and Dynamic neural networks in Python with strong GPU acceleration"
category = "main"
optional = false
python-versions = ">=3.10"

[package.dependencies]
filelock = "*"
fsspec = ">=0.8.5"
jinja2 = "*"
networkx = ">=2.5.1"
nvidia-cublas-cu12 = {version = "12.8.4.1", markers = "platform_system == \"Linux\" and platform_machine == \"x86_64\""}
nvidia-cuda-cupti-cu12 = {version = "12.8.90", markers = "platform_system == \"Linux\" and platform_machine == \"x86_64\""}
nvidia-cuda-nvrtc-cu12 = {version = "12.8.93", markers = "platform_system == \"Linux\" and platform_machine == \"x86_64\""}
nvidia-cuda-runtime-cu12 = {version = "12.8.90", markers = "platform_system == \"Linux\" and platform_machine == \"x86_64\""}
nvidia-cudnn-cu12 = {version = "9.10.2.21", markers = "platform_system == \"Linux\" and platform_machine == \"x86_64\""}
nvidia-cufft-cu12 = {version = "11.3.3.83", markers = "platform_system == \"Linux\" and platform_machine == \"x86_64\""}
nvidia-cufile-cu12 = {version = "1.13.1.3", markers = "platform_system == \"Linux\" and platform_machine == \"x86_64\""}
nvidia-curand-cu12 = {version = "10.3.9.90", markers = "platform_system == \"Linux\" and platform_machine == \"x86_64\""}
nvidia-cusolver-cu12 = {version = "11.7.3.90", markers = "platform_system == \"Linux\" and platform_machine == \"x86_64\""}
nvidia-cusparse-cu12 = {version = "12.5.8.93", markers = "platform_system == \"Linux\" and platform_machine == \"x86_64\""}
nvidia-cusparselt-cu12 = {version = "0.7.1", markers = "platform_system == \"Linux\" and platform_machine == \"x86_64\""}
nvidia-nccl-cu12 = {version = "2.27.5", markers = "platform_system == \"Linux\" and platform_machine == \"x86_64\""}
nvidia-nvjitlink-cu12 = {version = "12.8.93", markers = "platform_system == \"Linux\" and platform_machine == \"x86_64\""}
nvidia-nvshmem-cu12 = {version = "3.3.20", markers = "platform_system == \"Linux\" and platform_machine == \"x86_64\""}
nvidia-nvtx-cu12 = {version = "12.8.90", markers = "platform_system == \"Linux\" and platform_machine == \"x86_64\""}
sympy = ">=1.13.3"
triton = {version = "3.5.1", markers = "platform_system == \"Linux\" and platform_machine == \"x86_64\""}
typing-extensions = ">=4.10.0"

[package.extras]
optree = ["optree (>=0.13.0)"]
opt-einsum = ["opt-einsum (>=3.3)"]
pyyaml = ["pyyaml"]

[[package]]
name = "torchvision"
version = "0.24.1"
description = "image and video datasets and models for torch deep learning"
category = "main"
optional = false
python-versions = ">=3.10"

[package.dependencies]
numpy = "*"
pillow = ">=5.3.0,<8.3.0 || >=8.4.0"
torch = "2.9.1"

[package.extras]
gdown = ["gdown (>=4.7.3)"]
scipy = ["scipy"]

[[package]]
name = "tqdm"
version = "4.66.4"
description = "Fast, Extensible Progress Meter"
category = "main"
optional = false
python-versions = ">=3.7"

[package.dependencies]
colorama = {version = "*", markers = "platform_system == \"Windows\""}

[package.extras]
dev = ["pytest (>=6)", "pytest-cov", "pytest-timeout", "pytest-xdist"]
notebook = ["ipywidgets (>=6)"]
slack = ["slack-sdk"]
telegram = ["requests"]

[[package]]
name = "triton"
version = "3.5.1"
description = "A language and compiler for custom Deep Learning operations"
category = "main"
optional = false
python-versions = "<3.15,>=3.10"

[package.extras]
build = ["cmake (>=3.20,<4.0)", "lit"]
tests = ["autopep8", "isort", "numpy", "pytest", "pytest-forked", "pytest-xdist", "scipy (>=1.7.1)", "llnl-hatchet"]
tutorials = ["matplotlib", "pandas", "tabulate"]

[[package]]
name = "typing-extensions"
version = "4.15.0"
description = "Backported and Experimental Type Hints for Python 3.9+"
category = "main"
optional = false
python-versions = ">=3.9"

[metadata]
lock-version = "1.1"
python-versions = "3.10.12"
content-hash = "93c43ac37ca2478890570fc9baf6bc0b59436eed02a7511d9e9b12943a55d9c7"

[metadata.files]
colorama = []
einops = []
filelock = []
fsspec = []
jinja2 = []
markupsafe = []
mpmath = []
networkx = []
numpy = []
nvidia-cublas-cu12 = []
nvidia-cuda-cupti-cu12 = []
nvidia-cuda-nvrtc-cu12 = []
nvidia-cuda-runtime-cu12 = []
nvidia-cudnn-cu12 = []
nvidia-cufft-cu12 = []
nvidia-cufile-cu12 = []
nvidia-curand-cu12 = []
nvidia-cusolver-cu12 = []
nvidia-cusparse-cu12 = []
nvidia-cusparselt-cu12 = []
nvidia-nccl-cu12 = []
nvidia-nvjitlink-cu12 = []
nvidia-nvshmem-cu12 = []
nvidia-nvtx-cu12 = []
opencv-python = []
pillow = []
pyyaml = []
scipy = []
sympy = []
torch = []
torchvision = []
tqdm = []
triton = []
typing-extensions = []
