dependencies:
- name: mlflow
  repository: https://community-charts.github.io/helm-charts
  version: 1.8.1
- name: rustfs
  repository: https://charts.rustfs.com
  version: 0.4.0
digest: sha256:6c663b0ddff13a7575f749e099ca3626298cc7ddb213112390a9512f99c02282
generated: "2026-06-21T16:29:20.524294+03:00"
