{
  "version": 4,
  "terraform_version": "1.15.6",
  "serial": 39,
  "lineage": "578e82dc-096f-fc33-351d-ab89594a5e25",
  "outputs": {
    "load_balancer_public_ip": {
      "value": [
        {
          "ip_address": "145.241.116.159",
          "ip_version": "IPV4",
          "is_public": true,
          "reserved_ip": []
        }
      ],
      "type": [
        "tuple",
        [
          [
            "object",
            {
              "ip_address": "string",
              "ip_version": "string",
              "is_public": "bool",
              "reserved_ip": [
                "list",
                [
                  "object",
                  {
                    "id": "string"
                  }
                ]
              ]
            }
          ]
        ]
      ]
    }
  },
  "resources": [
    {
      "mode": "data",
      "type": "oci_containerengine_node_pool",
      "name": "k8s_np",
      "provider": "provider[\"registry.terraform.io/hashicorp/oci\"]",
      "instances": [
        {
          "schema_version": 0,
          "attributes": {
            "cluster_id": "ocid1.cluster.oc1.me-dubai-1.aaaaaaaa6dq5pnoolrzwpvzllbeofejusko4vdvigday2upalchjdifczqjq",
            "compartment_id": "ocid1.tenancy.oc1..aaaaaaaa6nxh2jc6tjcsz4f4qb62wkcu6lw3hdf7ufobqeqy52xcjexmoplq",
            "defined_tags": {
              "Oracle-Tags.CreatedBy": "default/graff1507@gmail.com",
              "Oracle-Tags.CreatedOn": "2026-06-14T11:13:12.997Z"
            },
            "freeform_tags": {},
            "id": "ocid1.nodepool.oc1.me-dubai-1.aaaaaaaa2e67wffoemyamuwkdgaakozw4mdakxoqfvdhepujjnl7zouqgvga",
            "initial_node_labels": [
              {
                "key": "name",
                "value": "k8s-cluster"
              }
            ],
            "kubernetes_version": "v1.34.2",
            "lifecycle_details": null,
            "name": "k8s-node-pool",
            "network_launch_type": "",
            "node_config_details": [
              {
                "defined_tags": {},
                "freeform_tags": {},
                "is_pv_encryption_in_transit_enabled": false,
                "kms_key_id": "",
                "node_pool_pod_network_option_details": [
                  {
                    "cni_type": "FLANNEL_OVERLAY",
                    "max_pods_per_node": 0,
                    "pod_nsg_ids": [],
                    "pod_subnet_ids": []
                  }
                ],
                "nsg_ids": [],
                "placement_configs": [
                  {
                    "availability_domain": "QZUh:ME-DUBAI-1-AD-1",
                    "capacity_reservation_id": "",
                    "fault_domains": [],
                    "preemptible_node_config": [],
                    "subnet_id": "ocid1.subnet.oc1.me-dubai-1.aaaaaaaalwphx4dvtuxrv3tyxwi2noi7j6g56gusrt6hud7ec2vm54wplpuq"
                  }
                ],
                "size": 2
              }
            ],
            "node_eviction_node_pool_settings": [],
            "node_image_id": "ocid1.image.oc1.me-dubai-1.aaaaaaaarqcig5soskrxcccj7u4l5uzbtcdl37kgksni746t6yoiwtinoasq",
            "node_image_name": "Oracle-Linux-7.9-aarch64-2021.12.08-0",
            "node_metadata": {},
            "node_pool_cycling_details": [],
            "node_pool_id": "ocid1.nodepool.oc1.me-dubai-1.aaaaaaaa2e67wffoemyamuwkdgaakozw4mdakxoqfvdhepujjnl7zouqgvga",
            "node_shape": "VM.Standard.A1.Flex",
            "node_shape_config": [
              {
                "memory_in_gbs": 6,
                "ocpus": 1
              }
            ],
            "node_source": [
              {
                "image_id": "ocid1.image.oc1.me-dubai-1.aaaaaaaarqcig5soskrxcccj7u4l5uzbtcdl37kgksni746t6yoiwtinoasq",
                "source_name": "Oracle-Linux-7.9-aarch64-2021.12.08-0",
                "source_type": "IMAGE"
              }
            ],
            "node_source_details": [
              {
                "boot_volume_size_in_gbs": "",
                "image_id": "ocid1.image.oc1.me-dubai-1.aaaaaaaarqcig5soskrxcccj7u4l5uzbtcdl37kgksni746t6yoiwtinoasq",
                "source_type": "IMAGE"
              }
            ],
            "nodes": [
              {
                "availability_domain": "QZUh:ME-DUBAI-1-AD-1",
                "defined_tags": {},
                "error": [],
                "fault_domain": "FAULT-DOMAIN-1",
                "freeform_tags": {},
                "id": "ocid1.instance.oc1.me-dubai-1.anshqljrfzvrijyc4nzivtvgvwrjpbpskrbv2qwurhnr632ana2bfxbk42lq",
                "kubernetes_version": "v1.34.2",
                "lifecycle_details": "",
                "name": "oke-chjdifczqjq-nl7zouqgvga-svm54wplpuq-0",
                "node_pool_id": "ocid1.nodepool.oc1.me-dubai-1.aaaaaaaa2e67wffoemyamuwkdgaakozw4mdakxoqfvdhepujjnl7zouqgvga",
                "private_ip": "10.0.1.82",
                "public_ip": "",
                "state": "ACTIVE",
                "subnet_id": "ocid1.subnet.oc1.me-dubai-1.aaaaaaaalwphx4dvtuxrv3tyxwi2noi7j6g56gusrt6hud7ec2vm54wplpuq"
              },
              {
                "availability_domain": "QZUh:ME-DUBAI-1-AD-1",
                "defined_tags": {},
                "error": [],
                "fault_domain": "FAULT-DOMAIN-2",
                "freeform_tags": {},
                "id": "ocid1.instance.oc1.me-dubai-1.anshqljrfzvrijyc3esdsr6kaos5zqxowctuoosbt6fsv4ustlo3uyj6g3pa",
                "kubernetes_version": "v1.34.2",
                "lifecycle_details": "",
                "name": "oke-chjdifczqjq-nl7zouqgvga-svm54wplpuq-1",
                "node_pool_id": "ocid1.nodepool.oc1.me-dubai-1.aaaaaaaa2e67wffoemyamuwkdgaakozw4mdakxoqfvdhepujjnl7zouqgvga",
                "private_ip": "10.0.1.123",
                "public_ip": "",
                "state": "ACTIVE",
                "subnet_id": "ocid1.subnet.oc1.me-dubai-1.aaaaaaaalwphx4dvtuxrv3tyxwi2noi7j6g56gusrt6hud7ec2vm54wplpuq"
              }
            ],
            "primary_vnic": [],
            "quantity_per_subnet": 0,
            "secondary_vnics": [],
            "ssh_public_key": "ssh-rsa AAAAB3NzaC1yc2EAAAADAQABAAABAQC1FG1XGsrUjFlQKgxxjoEczS8MgySuH46rlFh3V82Nv2Ip7OXAPY/bAwA7UlWAAzLjCr6Nsop9yujUxlSr5KJQ/KsC20fwoqmd6uQQulyA5QtyEbSPWvphlSmnMTkUzE9P5tDfCaVnI5FJ09nlxL8nO9YzIyozTk7rcBuPJ8ox24tIXk47TS9VlI4H8GoWZWJNfw1wmKDul3bmIOESxtxWi3Bec8HZ+7/ZJP7lOtkMQPHBUgBYZt4zZVntjXGPE47qhzMuB+0w5toPGtMxU6Fdy+gzGOBTew2qCStAWM0hzCdY/BgaNoyDWajPBr8UXPt8wQFaBj5CVFtkixbrPa7t pyretttt@Pyretttts-MBP.Dlink",
            "state": "ACTIVE",
            "subnet_ids": [
              "ocid1.subnet.oc1.me-dubai-1.aaaaaaaalwphx4dvtuxrv3tyxwi2noi7j6g56gusrt6hud7ec2vm54wplpuq"
            ]
          },
          "sensitive_attributes": [],
          "identity_schema_version": 0
        }
      ]
    },
    {
      "mode": "managed",
      "type": "kubernetes_namespace",
      "name": "core_namespace",
      "provider": "provider[\"registry.terraform.io/hashicorp/kubernetes\"]",
      "instances": [
        {
          "schema_version": 0,
          "attributes": {
            "id": "core-ns",
            "metadata": [
              {
                "annotations": {},
                "generate_name": "",
                "generation": 0,
                "labels": {},
                "name": "core-ns",
                "resource_version": "83772",
                "uid": "6f7ed1a7-9e52-444d-8c8a-b952d779d793"
              }
            ],
            "timeouts": null,
            "wait_for_default_service_account": false
          },
          "sensitive_attributes": [],
          "identity_schema_version": 1,
          "identity": {
            "api_version": "v1",
            "kind": "Namespace",
            "name": "core-ns"
          },
          "private": "eyJlMmJmYjczMC1lY2FhLTExZTYtOGY4OC0zNDM2M2JjN2M0YzAiOnsiZGVsZXRlIjozMDAwMDAwMDAwMDB9fQ=="
        }
      ]
    },
    {
      "mode": "managed",
      "type": "kubernetes_service",
      "name": "nginx_service",
      "provider": "provider[\"registry.terraform.io/hashicorp/kubernetes\"]",
      "instances": [
        {
          "schema_version": 1,
          "attributes": {
            "id": "core-ns/nginx-service",
            "metadata": [
              {
                "annotations": {},
                "generate_name": "",
                "generation": 0,
                "labels": {},
                "name": "nginx-service",
                "namespace": "core-ns",
                "resource_version": "95521",
                "uid": "198e2c88-c9b2-4ac2-aa39-f5bad46d9d3d"
              }
            ],
            "spec": [
              {
                "allocate_load_balancer_node_ports": true,
                "cluster_ip": "10.96.63.233",
                "cluster_ips": [
                  "10.96.63.233"
                ],
                "external_ips": [],
                "external_name": "",
                "external_traffic_policy": "Cluster",
                "health_check_node_port": 0,
                "internal_traffic_policy": "Cluster",
                "ip_families": [
                  "IPv4"
                ],
                "ip_family_policy": "SingleStack",
                "load_balancer_class": "",
                "load_balancer_ip": "",
                "load_balancer_source_ranges": [],
                "port": [
                  {
                    "app_protocol": "",
                    "name": "",
                    "node_port": 31600,
                    "port": 80,
                    "protocol": "TCP",
                    "target_port": "80"
                  }
                ],
                "publish_not_ready_addresses": false,
                "selector": {
                  "app": "nginx"
                },
                "session_affinity": "None",
                "session_affinity_config": [],
                "type": "NodePort"
              }
            ],
            "status": [
              {
                "load_balancer": [
                  {
                    "ingress": []
                  }
                ]
              }
            ],
            "timeouts": null,
            "wait_for_load_balancer": true
          },
          "sensitive_attributes": [],
          "identity_schema_version": 1,
          "identity": {
            "api_version": "v1",
            "kind": "Service",
            "name": "nginx-service",
            "namespace": "core-ns"
          },
          "private": "eyJlMmJmYjczMC1lY2FhLTExZTYtOGY4OC0zNDM2M2JjN2M0YzAiOnsiY3JlYXRlIjo2MDAwMDAwMDAwMDB9LCJzY2hlbWFfdmVyc2lvbiI6IjEifQ==",
          "dependencies": [
            "kubernetes_namespace.core_namespace"
          ]
        }
      ]
    },
    {
      "mode": "managed",
      "type": "oci_network_load_balancer_backend",
      "name": "nlb_backend",
      "provider": "provider[\"registry.terraform.io/hashicorp/oci\"]",
      "instances": [
        {
          "index_key": 0,
          "schema_version": 0,
          "attributes": {
            "backend_set_name": "k8s-backend-set",
            "id": "networkLoadBalancers/ocid1.networkloadbalancer.oc1.me-dubai-1.amaaaaaafzvrijyahvqfaucowyql42qomigwmixikbjylbf7vznarnil5gdq/backendSets/k8s-backend-set/backends/ocid1.instance.oc1.me-dubai-1.anshqljrfzvrijyc4nzivtvgvwrjpbpskrbv2qwurhnr632ana2bfxbk42lq.31600",
            "ip_address": "10.0.1.82",
            "is_backup": false,
            "is_drain": false,
            "is_offline": false,
            "name": "ocid1.instance.oc1.me-dubai-1.anshqljrfzvrijyc4nzivtvgvwrjpbpskrbv2qwurhnr632ana2bfxbk42lq.31600",
            "network_load_balancer_id": "ocid1.networkloadbalancer.oc1.me-dubai-1.amaaaaaafzvrijyahvqfaucowyql42qomigwmixikbjylbf7vznarnil5gdq",
            "port": 31600,
            "target_id": "ocid1.instance.oc1.me-dubai-1.anshqljrfzvrijyc4nzivtvgvwrjpbpskrbv2qwurhnr632ana2bfxbk42lq",
            "timeouts": null,
            "weight": 1
          },
          "sensitive_attributes": [],
          "identity_schema_version": 0,
          "private": "eyJlMmJmYjczMC1lY2FhLTExZTYtOGY4OC0zNDM2M2JjN2M0YzAiOnsiY3JlYXRlIjoxMjAwMDAwMDAwMDAwLCJkZWxldGUiOjEyMDAwMDAwMDAwMDAsInVwZGF0ZSI6MTIwMDAwMDAwMDAwMH19",
          "dependencies": [
            "data.oci_containerengine_node_pool.k8s_np",
            "oci_network_load_balancer_backend_set.nlb_backend_set",
            "oci_network_load_balancer_network_load_balancer.nlb"
          ]
        },
        {
          "index_key": 1,
          "schema_version": 0,
          "attributes": {
            "backend_set_name": "k8s-backend-set",
            "id": "networkLoadBalancers/ocid1.networkloadbalancer.oc1.me-dubai-1.amaaaaaafzvrijyahvqfaucowyql42qomigwmixikbjylbf7vznarnil5gdq/backendSets/k8s-backend-set/backends/ocid1.instance.oc1.me-dubai-1.anshqljrfzvrijyc3esdsr6kaos5zqxowctuoosbt6fsv4ustlo3uyj6g3pa.31600",
            "ip_address": "10.0.1.123",
            "is_backup": false,
            "is_drain": false,
            "is_offline": false,
            "name": "ocid1.instance.oc1.me-dubai-1.anshqljrfzvrijyc3esdsr6kaos5zqxowctuoosbt6fsv4ustlo3uyj6g3pa.31600",
            "network_load_balancer_id": "ocid1.networkloadbalancer.oc1.me-dubai-1.amaaaaaafzvrijyahvqfaucowyql42qomigwmixikbjylbf7vznarnil5gdq",
            "port": 31600,
            "target_id": "ocid1.instance.oc1.me-dubai-1.anshqljrfzvrijyc3esdsr6kaos5zqxowctuoosbt6fsv4ustlo3uyj6g3pa",
            "timeouts": null,
            "weight": 1
          },
          "sensitive_attributes": [],
          "identity_schema_version": 0,
          "private": "eyJlMmJmYjczMC1lY2FhLTExZTYtOGY4OC0zNDM2M2JjN2M0YzAiOnsiY3JlYXRlIjoxMjAwMDAwMDAwMDAwLCJkZWxldGUiOjEyMDAwMDAwMDAwMDAsInVwZGF0ZSI6MTIwMDAwMDAwMDAwMH19",
          "dependencies": [
            "data.oci_containerengine_node_pool.k8s_np",
            "oci_network_load_balancer_backend_set.nlb_backend_set",
            "oci_network_load_balancer_network_load_balancer.nlb"
          ]
        }
      ]
    },
    {
      "mode": "managed",
      "type": "oci_network_load_balancer_backend_set",
      "name": "nlb_backend_set",
      "provider": "provider[\"registry.terraform.io/hashicorp/oci\"]",
      "instances": [
        {
          "schema_version": 0,
          "attributes": {
            "are_operationally_active_backends_preferred": false,
            "backends": [
              {
                "ip_address": "10.0.1.82",
                "is_backup": false,
                "is_drain": false,
                "is_offline": false,
                "name": "ocid1.instance.oc1.me-dubai-1.anshqljrfzvrijyc4nzivtvgvwrjpbpskrbv2qwurhnr632ana2bfxbk42lq.31600",
                "port": 31600,
                "target_id": "ocid1.instance.oc1.me-dubai-1.anshqljrfzvrijyc4nzivtvgvwrjpbpskrbv2qwurhnr632ana2bfxbk42lq",
                "weight": 1
              },
              {
                "ip_address": "10.0.1.123",
                "is_backup": false,
                "is_drain": false,
                "is_offline": false,
                "name": "ocid1.instance.oc1.me-dubai-1.anshqljrfzvrijyc3esdsr6kaos5zqxowctuoosbt6fsv4ustlo3uyj6g3pa.31600",
                "port": 31600,
                "target_id": "ocid1.instance.oc1.me-dubai-1.anshqljrfzvrijyc3esdsr6kaos5zqxowctuoosbt6fsv4ustlo3uyj6g3pa",
                "weight": 1
              }
            ],
            "health_checker": [
              {
                "dns": [],
                "interval_in_millis": 10000,
                "port": 10256,
                "protocol": "TCP",
                "request_data": "",
                "response_body_regex": "",
                "response_data": "",
                "retries": 3,
                "return_code": 0,
                "timeout_in_millis": 3000,
                "url_path": ""
              }
            ],
            "id": "networkLoadBalancers/ocid1.networkloadbalancer.oc1.me-dubai-1.amaaaaaafzvrijyahvqfaucowyql42qomigwmixikbjylbf7vznarnil5gdq/backendSets/k8s-backend-set",
            "ip_version": "IPV4",
            "is_fail_open": false,
            "is_instant_failover_enabled": false,
            "is_instant_failover_tcp_reset_enabled": true,
            "is_preserve_source": false,
            "name": "k8s-backend-set",
            "network_load_balancer_id": "ocid1.networkloadbalancer.oc1.me-dubai-1.amaaaaaafzvrijyahvqfaucowyql42qomigwmixikbjylbf7vznarnil5gdq",
            "policy": "FIVE_TUPLE",
            "timeouts": null
          },
          "sensitive_attributes": [],
          "identity_schema_version": 0,
          "private": "eyJlMmJmYjczMC1lY2FhLTExZTYtOGY4OC0zNDM2M2JjN2M0YzAiOnsiY3JlYXRlIjoxMjAwMDAwMDAwMDAwLCJkZWxldGUiOjEyMDAwMDAwMDAwMDAsInVwZGF0ZSI6MTIwMDAwMDAwMDAwMH19",
          "dependencies": [
            "oci_network_load_balancer_network_load_balancer.nlb"
          ]
        }
      ]
    },
    {
      "mode": "managed",
      "type": "oci_network_load_balancer_listener",
      "name": "nlb_listener",
      "provider": "provider[\"registry.terraform.io/hashicorp/oci\"]",
      "instances": [
        {
          "schema_version": 0,
          "attributes": {
            "default_backend_set_name": "k8s-backend-set",
            "id": "networkLoadBalancers/ocid1.networkloadbalancer.oc1.me-dubai-1.amaaaaaafzvrijyahvqfaucowyql42qomigwmixikbjylbf7vznarnil5gdq/listeners/k8s-nlb-listener",
            "ip_version": "IPV4",
            "is_ppv2enabled": false,
            "l3ip_idle_timeout": 0,
            "name": "k8s-nlb-listener",
            "network_load_balancer_id": "ocid1.networkloadbalancer.oc1.me-dubai-1.amaaaaaafzvrijyahvqfaucowyql42qomigwmixikbjylbf7vznarnil5gdq",
            "port": 80,
            "protocol": "TCP",
            "tcp_idle_timeout": 360,
            "timeouts": null,
            "udp_idle_timeout": 0
          },
          "sensitive_attributes": [],
          "identity_schema_version": 0,
          "private": "eyJlMmJmYjczMC1lY2FhLTExZTYtOGY4OC0zNDM2M2JjN2M0YzAiOnsiY3JlYXRlIjoxMjAwMDAwMDAwMDAwLCJkZWxldGUiOjEyMDAwMDAwMDAwMDAsInVwZGF0ZSI6MTIwMDAwMDAwMDAwMH19",
          "dependencies": [
            "oci_network_load_balancer_backend_set.nlb_backend_set",
            "oci_network_load_balancer_network_load_balancer.nlb"
          ]
        }
      ]
    },
    {
      "mode": "managed",
      "type": "oci_network_load_balancer_network_load_balancer",
      "name": "nlb",
      "provider": "provider[\"registry.terraform.io/hashicorp/oci\"]",
      "instances": [
        {
          "schema_version": 0,
          "attributes": {
            "assigned_ipv6": null,
            "assigned_private_ipv4": null,
            "compartment_id": "ocid1.tenancy.oc1..aaaaaaaa6nxh2jc6tjcsz4f4qb62wkcu6lw3hdf7ufobqeqy52xcjexmoplq",
            "defined_tags": {
              "Oracle-Tags.CreatedBy": "default/graff1507@gmail.com",
              "Oracle-Tags.CreatedOn": "2026-06-14T13:47:50.096Z"
            },
            "display_name": "k8s-nlb",
            "freeform_tags": {},
            "id": "ocid1.networkloadbalancer.oc1.me-dubai-1.amaaaaaafzvrijyahvqfaucowyql42qomigwmixikbjylbf7vznarnil5gdq",
            "ip_addresses": [
              {
                "ip_address": "145.241.116.159",
                "ip_version": "IPV4",
                "is_public": true,
                "reserved_ip": []
              },
              {
                "ip_address": "10.0.0.229",
                "ip_version": "IPV4",
                "is_public": false,
                "reserved_ip": []
              }
            ],
            "is_preserve_source_destination": false,
            "is_private": false,
            "is_symmetric_hash_enabled": false,
            "lifecycle_details": null,
            "network_security_group_ids": [],
            "nlb_ip_version": "IPV4",
            "reserved_ips": [],
            "security_attributes": {},
            "state": "ACTIVE",
            "subnet_id": "ocid1.subnet.oc1.me-dubai-1.aaaaaaaai6vu2idn3jcktxsuxj6sdwwomx5vqgdhcfzpd2u2557kh7mnh7uq",
            "subnet_ipv6cidr": null,
            "system_tags": {
              "orcl-cloud.free-tier-retained": "true"
            },
            "time_created": "2026-06-14 13:47:50 +0000 UTC",
            "time_updated": "2026-06-14 13:49:42 +0000 UTC",
            "timeouts": null
          },
          "sensitive_attributes": [],
          "identity_schema_version": 0,
          "private": "eyJlMmJmYjczMC1lY2FhLTExZTYtOGY4OC0zNDM2M2JjN2M0YzAiOnsiY3JlYXRlIjoxMjAwMDAwMDAwMDAwLCJkZWxldGUiOjEyMDAwMDAwMDAwMDAsInVwZGF0ZSI6MTIwMDAwMDAwMDAwMH19"
        }
      ]
    }
  ],
  "check_results": null
}
