{
  "version": 4,
  "terraform_version": "1.15.6",
  "serial": 30,
  "lineage": "578e82dc-096f-fc33-351d-ab89594a5e25",
  "outputs": {},
  "resources": [
    {
      "mode": "data",
      "type": "oci_containerengine_node_pool",
      "name": "k8s_np",
      "provider": "provider[\"registry.terraform.io/hashicorp/oci\"]",
      "instances": [
        {
          "schema_version": 0,
          "attributes": {
            "cluster_id": "ocid1.cluster.oc1.me-dubai-1.aaaaaaaa6dq5pnoolrzwpvzllbeofejusko4vdvigday2upalchjdifczqjq",
            "compartment_id": "ocid1.tenancy.oc1..aaaaaaaa6nxh2jc6tjcsz4f4qb62wkcu6lw3hdf7ufobqeqy52xcjexmoplq",
            "defined_tags": {
              "Oracle-Tags.CreatedBy": "default/graff1507@gmail.com",
              "Oracle-Tags.CreatedOn": "2026-06-14T11:13:12.997Z"
            },
            "freeform_tags": {},
            "id": "ocid1.nodepool.oc1.me-dubai-1.aaaaaaaa2e67wffoemyamuwkdgaakozw4mdakxoqfvdhepujjnl7zouqgvga",
            "initial_node_labels": [
              {
                "key": "name",
                "value": "k8s-cluster"
              }
            ],
            "kubernetes_version": "v1.34.2",
            "lifecycle_details": null,
            "name": "k8s-node-pool",
            "network_launch_type": "",
            "node_config_details": [
              {
                "defined_tags": {},
                "freeform_tags": {},
                "is_pv_encryption_in_transit_enabled": false,
                "kms_key_id": "",
                "node_pool_pod_network_option_details": [
                  {
                    "cni_type": "FLANNEL_OVERLAY",
                    "max_pods_per_node": 0,
                    "pod_nsg_ids": [],
                    "pod_subnet_ids": []
                  }
                ],
                "nsg_ids": [],
                "placement_configs": [
                  {
                    "availability_domain": "QZUh:ME-DUBAI-1-AD-1",
                    "capacity_reservation_id": "",
                    "fault_domains": [],
                    "preemptible_node_config": [],
                    "subnet_id": "ocid1.subnet.oc1.me-dubai-1.aaaaaaaalwphx4dvtuxrv3tyxwi2noi7j6g56gusrt6hud7ec2vm54wplpuq"
                  }
                ],
                "size": 2
              }
            ],
            "node_eviction_node_pool_settings": [],
            "node_image_id": "ocid1.image.oc1.me-dubai-1.aaaaaaaarqcig5soskrxcccj7u4l5uzbtcdl37kgksni746t6yoiwtinoasq",
            "node_image_name": "Oracle-Linux-7.9-aarch64-2021.12.08-0",
            "node_metadata": {},
            "node_pool_cycling_details": [],
            "node_pool_id": "ocid1.nodepool.oc1.me-dubai-1.aaaaaaaa2e67wffoemyamuwkdgaakozw4mdakxoqfvdhepujjnl7zouqgvga",
            "node_shape": "VM.Standard.A1.Flex",
            "node_shape_config": [
              {
                "memory_in_gbs": 6,
                "ocpus": 1
              }
            ],
            "node_source": [
              {
                "image_id": "ocid1.image.oc1.me-dubai-1.aaaaaaaarqcig5soskrxcccj7u4l5uzbtcdl37kgksni746t6yoiwtinoasq",
                "source_name": "Oracle-Linux-7.9-aarch64-2021.12.08-0",
                "source_type": "IMAGE"
              }
            ],
            "node_source_details": [
              {
                "boot_volume_size_in_gbs": "",
                "image_id": "ocid1.image.oc1.me-dubai-1.aaaaaaaarqcig5soskrxcccj7u4l5uzbtcdl37kgksni746t6yoiwtinoasq",
                "source_type": "IMAGE"
              }
            ],
            "nodes": [
              {
                "availability_domain": "QZUh:ME-DUBAI-1-AD-1",
                "defined_tags": {},
                "error": [],
                "fault_domain": "FAULT-DOMAIN-1",
                "freeform_tags": {},
                "id": "ocid1.instance.oc1.me-dubai-1.anshqljrfzvrijyc4nzivtvgvwrjpbpskrbv2qwurhnr632ana2bfxbk42lq",
                "kubernetes_version": "v1.34.2",
                "lifecycle_details": "",
                "name": "oke-chjdifczqjq-nl7zouqgvga-svm54wplpuq-0",
                "node_pool_id": "ocid1.nodepool.oc1.me-dubai-1.aaaaaaaa2e67wffoemyamuwkdgaakozw4mdakxoqfvdhepujjnl7zouqgvga",
                "private_ip": "10.0.1.82",
                "public_ip": "",
                "state": "ACTIVE",
                "subnet_id": "ocid1.subnet.oc1.me-dubai-1.aaaaaaaalwphx4dvtuxrv3tyxwi2noi7j6g56gusrt6hud7ec2vm54wplpuq"
              },
              {
                "availability_domain": "QZUh:ME-DUBAI-1-AD-1",
                "defined_tags": {},
                "error": [],
                "fault_domain": "FAULT-DOMAIN-2",
                "freeform_tags": {},
                "id": "ocid1.instance.oc1.me-dubai-1.anshqljrfzvrijyc3esdsr6kaos5zqxowctuoosbt6fsv4ustlo3uyj6g3pa",
                "kubernetes_version": "v1.34.2",
                "lifecycle_details": "",
                "name": "oke-chjdifczqjq-nl7zouqgvga-svm54wplpuq-1",
                "node_pool_id": "ocid1.nodepool.oc1.me-dubai-1.aaaaaaaa2e67wffoemyamuwkdgaakozw4mdakxoqfvdhepujjnl7zouqgvga",
                "private_ip": "10.0.1.123",
                "public_ip": "",
                "state": "ACTIVE",
                "subnet_id": "ocid1.subnet.oc1.me-dubai-1.aaaaaaaalwphx4dvtuxrv3tyxwi2noi7j6g56gusrt6hud7ec2vm54wplpuq"
              }
            ],
            "primary_vnic": [],
            "quantity_per_subnet": 0,
            "secondary_vnics": [],
            "ssh_public_key": "ssh-rsa AAAAB3NzaC1yc2EAAAADAQABAAABAQC1FG1XGsrUjFlQKgxxjoEczS8MgySuH46rlFh3V82Nv2Ip7OXAPY/bAwA7UlWAAzLjCr6Nsop9yujUxlSr5KJQ/KsC20fwoqmd6uQQulyA5QtyEbSPWvphlSmnMTkUzE9P5tDfCaVnI5FJ09nlxL8nO9YzIyozTk7rcBuPJ8ox24tIXk47TS9VlI4H8GoWZWJNfw1wmKDul3bmIOESxtxWi3Bec8HZ+7/ZJP7lOtkMQPHBUgBYZt4zZVntjXGPE47qhzMuB+0w5toPGtMxU6Fdy+gzGOBTew2qCStAWM0hzCdY/BgaNoyDWajPBr8UXPt8wQFaBj5CVFtkixbrPa7t pyretttt@Pyretttts-MBP.Dlink",
            "state": "ACTIVE",
            "subnet_ids": [
              "ocid1.subnet.oc1.me-dubai-1.aaaaaaaalwphx4dvtuxrv3tyxwi2noi7j6g56gusrt6hud7ec2vm54wplpuq"
            ]
          },
          "sensitive_attributes": [],
          "identity_schema_version": 0
        }
      ]
    },
    {
      "mode": "managed",
      "type": "kubernetes_deployment_v1",
      "name": "nginx_deployment",
      "provider": "provider[\"registry.terraform.io/hashicorp/kubernetes\"]",
      "instances": [
        {
          "schema_version": 1,
          "attributes": {
            "id": "core-ns/nginx",
            "metadata": [
              {
                "annotations": {},
                "generate_name": "",
                "generation": 1,
                "labels": {
                  "app": "nginx"
                },
                "name": "nginx",
                "namespace": "core-ns",
                "resource_version": "94654",
                "uid": "8163c388-f7b8-41a5-a61d-34e606501f5d"
              }
            ],
            "spec": [
              {
                "min_ready_seconds": 0,
                "paused": false,
                "progress_deadline_seconds": 600,
                "replicas": "1",
                "revision_history_limit": 10,
                "selector": [
                  {
                    "match_expressions": [],
                    "match_labels": {
                      "app": "nginx"
                    }
                  }
                ],
                "strategy": [
                  {
                    "rolling_update": [
                      {
                        "max_surge": "25%",
                        "max_unavailable": "25%"
                      }
                    ],
                    "type": "RollingUpdate"
                  }
                ],
                "template": [
                  {
                    "metadata": [
                      {
                        "annotations": {},
                        "generate_name": "",
                        "generation": 0,
                        "labels": {
                          "app": "nginx"
                        },
                        "name": "",
                        "namespace": "",
                        "resource_version": "",
                        "uid": ""
                      }
                    ],
                    "spec": [
                      {
                        "active_deadline_seconds": 0,
                        "affinity": [],
                        "automount_service_account_token": true,
                        "container": [
                          {
                            "args": [],
                            "command": [],
                            "env": [],
                            "env_from": [],
                            "image": "docker.io/library/nginx:latest",
                            "image_pull_policy": "Always",
                            "lifecycle": [],
                            "liveness_probe": [],
                            "name": "nginx",
                            "port": [
                              {
                                "container_port": 80,
                                "host_ip": "",
                                "host_port": 0,
                                "name": "",
                                "protocol": "TCP"
                              }
                            ],
                            "readiness_probe": [],
                            "resources": [
                              {
                                "limits": {},
                                "requests": {}
                              }
                            ],
                            "restart_policy": "",
                            "security_context": [],
                            "startup_probe": [],
                            "stdin": false,
                            "stdin_once": false,
                            "termination_message_path": "/dev/termination-log",
                            "termination_message_policy": "File",
                            "tty": false,
                            "volume_device": [],
                            "volume_mount": [],
                            "working_dir": ""
                          }
                        ],
                        "dns_config": [],
                        "dns_policy": "ClusterFirst",
                        "enable_service_links": true,
                        "host_aliases": [],
                        "host_ipc": false,
                        "host_network": false,
                        "host_pid": false,
                        "hostname": "",
                        "image_pull_secrets": [],
                        "init_container": [],
                        "node_name": "",
                        "node_selector": {},
                        "os": [],
                        "priority_class_name": "",
                        "readiness_gate": [],
                        "restart_policy": "Always",
                        "runtime_class_name": "",
                        "scheduler_name": "default-scheduler",
                        "security_context": [],
                        "service_account_name": "",
                        "share_process_namespace": false,
                        "subdomain": "",
                        "termination_grace_period_seconds": 30,
                        "toleration": [],
                        "topology_spread_constraint": [],
                        "volume": []
                      }
                    ]
                  }
                ]
              }
            ],
            "timeouts": null,
            "wait_for_rollout": true
          },
          "sensitive_attributes": [],
          "identity_schema_version": 1,
          "identity": {
            "api_version": "apps/v1",
            "kind": "Deployment",
            "name": "nginx",
            "namespace": "core-ns"
          },
          "private": "eyJlMmJmYjczMC1lY2FhLTExZTYtOGY4OC0zNDM2M2JjN2M0YzAiOnsiY3JlYXRlIjo2MDAwMDAwMDAwMDAsImRlbGV0ZSI6NjAwMDAwMDAwMDAwLCJ1cGRhdGUiOjYwMDAwMDAwMDAwMH0sInNjaGVtYV92ZXJzaW9uIjoiMSJ9",
          "dependencies": [
            "kubernetes_namespace.core_namespace"
          ]
        }
      ]
    },
    {
      "mode": "managed",
      "type": "kubernetes_namespace",
      "name": "core_namespace",
      "provider": "provider[\"registry.terraform.io/hashicorp/kubernetes\"]",
      "instances": [
        {
          "schema_version": 0,
          "attributes": {
            "id": "core-ns",
            "metadata": [
              {
                "annotations": {},
                "generate_name": "",
                "generation": 0,
                "labels": {},
                "name": "core-ns",
                "resource_version": "83772",
                "uid": "6f7ed1a7-9e52-444d-8c8a-b952d779d793"
              }
            ],
            "timeouts": null,
            "wait_for_default_service_account": false
          },
          "sensitive_attributes": [],
          "identity_schema_version": 1,
          "identity": {
            "api_version": "v1",
            "kind": "Namespace",
            "name": "core-ns"
          },
          "private": "eyJlMmJmYjczMC1lY2FhLTExZTYtOGY4OC0zNDM2M2JjN2M0YzAiOnsiZGVsZXRlIjozMDAwMDAwMDAwMDB9fQ=="
        }
      ]
    },
    {
      "mode": "managed",
      "type": "kubernetes_service",
      "name": "nginx_service",
      "provider": "provider[\"registry.terraform.io/hashicorp/kubernetes\"]",
      "instances": [
        {
          "schema_version": 1,
          "attributes": {
            "id": "core-ns/nginx-service",
            "metadata": [
              {
                "annotations": null,
                "generate_name": "",
                "generation": 0,
                "labels": null,
                "name": "nginx-service",
                "namespace": "core-ns",
                "resource_version": "95521",
                "uid": "198e2c88-c9b2-4ac2-aa39-f5bad46d9d3d"
              }
            ],
            "spec": [
              {
                "allocate_load_balancer_node_ports": true,
                "cluster_ip": "10.96.63.233",
                "cluster_ips": [
                  "10.96.63.233"
                ],
                "external_ips": null,
                "external_name": "",
                "external_traffic_policy": "Cluster",
                "health_check_node_port": 0,
                "internal_traffic_policy": "Cluster",
                "ip_families": [
                  "IPv4"
                ],
                "ip_family_policy": "SingleStack",
                "load_balancer_class": "",
                "load_balancer_ip": "",
                "load_balancer_source_ranges": null,
                "port": [
                  {
                    "app_protocol": "",
                    "name": "",
                    "node_port": 31600,
                    "port": 80,
                    "protocol": "TCP",
                    "target_port": "80"
                  }
                ],
                "publish_not_ready_addresses": false,
                "selector": {
                  "app": "nginx"
                },
                "session_affinity": "None",
                "session_affinity_config": [],
                "type": "NodePort"
              }
            ],
            "status": [
              {
                "load_balancer": [
                  {
                    "ingress": []
                  }
                ]
              }
            ],
            "timeouts": null,
            "wait_for_load_balancer": true
          },
          "sensitive_attributes": [],
          "identity_schema_version": 1,
          "identity": {
            "api_version": "v1",
            "kind": "Service",
            "name": "nginx-service",
            "namespace": "core-ns"
          },
          "private": "eyJlMmJmYjczMC1lY2FhLTExZTYtOGY4OC0zNDM2M2JjN2M0YzAiOnsiY3JlYXRlIjo2MDAwMDAwMDAwMDB9LCJzY2hlbWFfdmVyc2lvbiI6IjEifQ==",
          "dependencies": [
            "kubernetes_namespace.core_namespace"
          ]
        }
      ]
    }
  ],
  "check_results": null
}
